
Microsoft Visual Studio Solution File, Format Version 12.00
# Visual Studio 2013
VisualStudioVersion = 12.0.21005.1
MinimumVisualStudioVersion = 10.0.40219.1
Project("{8BC9CEB8-8B4A-11D0-8D11-00A0C91BC942}") = "archiveWriter", "archiveWriter\archiveWriter.vcxproj", "{ED0266EF-180A-4C01-98D7-E9A60E51EA98}"
EndProject
Project("{8BC9CEB8-8B4A-11D0-8D11-00A0C91BC942}") = "myriad", "myriad\myriad.vcxproj", "{1924DEDD-A24E-49E1-A5B3-4076D8CB97D9}"
EndProject
Project("{8BC9CEB8-8B4A-11D0-8D11-00A0C91BC942}") = "submarine", "submarine\submarine.vcxproj", "{153D9B28-838F-462C-A565-C50C1745A0F4}"
EndProject
Project("{8BC9CEB8-8B4A-11D0-8D11-00A0C91BC942}") = "archiveReader", "archiveReader\archiveReader.vcxproj", "{283B655E-FC68-40CE-BC2F-00EC2CFCC192}"
EndProject
Global
	GlobalSection(SolutionConfigurationPlatforms) = preSolution
		Debug|Mixed Platforms = Debug|Mixed Platforms
		Debug|Win32 = Debug|Win32
		Debug|x64 = Debug|x64
		Release|Mixed Platforms = Release|Mixed Platforms
		Release|Win32 = Release|Win32
		Release|x64 = Release|x64
	EndGlobalSection
	GlobalSection(ProjectConfigurationPlatforms) = postSolution
		{ED0266EF-180A-4C01-98D7-E9A60E51EA98}.Debug|Mixed Platforms.ActiveCfg = Debug|Win32
		{ED0266EF-180A-4C01-98D7-E9A60E51EA98}.Debug|Mixed Platforms.Build.0 = Debug|Win32
		{ED0266EF-180A-4C01-98D7-E9A60E51EA98}.Debug|Win32.ActiveCfg = Debug|Win32
		{ED0266EF-180A-4C01-98D7-E9A60E51EA98}.Debug|Win32.Build.0 = Debug|Win32
		{ED0266EF-180A-4C01-98D7-E9A60E51EA98}.Debug|x64.ActiveCfg = Debug|x64
		{ED0266EF-180A-4C01-98D7-E9A60E51EA98}.Debug|x64.Build.0 = Debug|x64
		{ED0266EF-180A-4C01-98D7-E9A60E51EA98}.Release|Mixed Platforms.ActiveCfg = Release|Win32
		{ED0266EF-180A-4C01-98D7-E9A60E51EA98}.Release|Mixed Platforms.Build.0 = Release|Win32
		{ED0266EF-180A-4C01-98D7-E9A60E51EA98}.Release|Win32.ActiveCfg = Release|Win32
		{ED0266EF-180A-4C01-98D7-E9A60E51EA98}.Release|Win32.Build.0 = Release|Win32
		{ED0266EF-180A-4C01-98D7-E9A60E51EA98}.Release|x64.ActiveCfg = Release|x64
		{ED0266EF-180A-4C01-98D7-E9A60E51EA98}.Release|x64.Build.0 = Release|x64
		{1924DEDD-A24E-49E1-A5B3-4076D8CB97D9}.Debug|Mixed Platforms.ActiveCfg = Debug|Win32
		{1924DEDD-A24E-49E1-A5B3-4076D8CB97D9}.Debug|Mixed Platforms.Build.0 = Debug|Win32
		{1924DEDD-A24E-49E1-A5B3-4076D8CB97D9}.Debug|Win32.ActiveCfg = Debug|Win32
		{1924DEDD-A24E-49E1-A5B3-4076D8CB97D9}.Debug|Win32.Build.0 = Debug|Win32
		{1924DEDD-A24E-49E1-A5B3-4076D8CB97D9}.Debug|x64.ActiveCfg = Debug|x64
		{1924DEDD-A24E-49E1-A5B3-4076D8CB97D9}.Debug|x64.Build.0 = Debug|x64
		{1924DEDD-A24E-49E1-A5B3-4076D8CB97D9}.Release|Mixed Platforms.ActiveCfg = Release|Win32
		{1924DEDD-A24E-49E1-A5B3-4076D8CB97D9}.Release|Mixed Platforms.Build.0 = Release|Win32
		{1924DEDD-A24E-49E1-A5B3-4076D8CB97D9}.Release|Win32.ActiveCfg = Release|Win32
		{1924DEDD-A24E-49E1-A5B3-4076D8CB97D9}.Release|Win32.Build.0 = Release|Win32
		{1924DEDD-A24E-49E1-A5B3-4076D8CB97D9}.Release|x64.ActiveCfg = Release|x64
		{1924DEDD-A24E-49E1-A5B3-4076D8CB97D9}.Release|x64.Build.0 = Release|x64
		{153D9B28-838F-462C-A565-C50C1745A0F4}.Debug|Mixed Platforms.ActiveCfg = Debug|Win32
		{153D9B28-838F-462C-A565-C50C1745A0F4}.Debug|Mixed Platforms.Build.0 = Debug|Win32
		{153D9B28-838F-462C-A565-C50C1745A0F4}.Debug|Win32.ActiveCfg = Debug|Win32
		{153D9B28-838F-462C-A565-C50C1745A0F4}.Debug|Win32.Build.0 = Debug|Win32
		{153D9B28-838F-462C-A565-C50C1745A0F4}.Debug|x64.ActiveCfg = Debug|Win32
		{153D9B28-838F-462C-A565-C50C1745A0F4}.Release|Mixed Platforms.ActiveCfg = Release|Win32
		{153D9B28-838F-462C-A565-C50C1745A0F4}.Release|Mixed Platforms.Build.0 = Release|Win32
		{153D9B28-838F-462C-A565-C50C1745A0F4}.Release|Win32.ActiveCfg = Release|Win32
		{153D9B28-838F-462C-A565-C50C1745A0F4}.Release|Win32.Build.0 = Release|Win32
		{153D9B28-838F-462C-A565-C50C1745A0F4}.Release|x64.ActiveCfg = Release|Win32
		{283B655E-FC68-40CE-BC2F-00EC2CFCC192}.Debug|Mixed Platforms.ActiveCfg = Debug|Win32
		{283B655E-FC68-40CE-BC2F-00EC2CFCC192}.Debug|Mixed Platforms.Build.0 = Debug|Win32
		{283B655E-FC68-40CE-BC2F-00EC2CFCC192}.Debug|Win32.ActiveCfg = Debug|Win32
		{283B655E-FC68-40CE-BC2F-00EC2CFCC192}.Debug|Win32.Build.0 = Debug|Win32
		{283B655E-FC68-40CE-BC2F-00EC2CFCC192}.Debug|x64.ActiveCfg = Debug|Win32
		{283B655E-FC68-40CE-BC2F-00EC2CFCC192}.Release|Mixed Platforms.ActiveCfg = Release|Win32
		{283B655E-FC68-40CE-BC2F-00EC2CFCC192}.Release|Mixed Platforms.Build.0 = Release|Win32
		{283B655E-FC68-40CE-BC2F-00EC2CFCC192}.Release|Win32.ActiveCfg = Release|Win32
		{283B655E-FC68-40CE-BC2F-00EC2CFCC192}.Release|Win32.Build.0 = Release|Win32
		{283B655E-FC68-40CE-BC2F-00EC2CFCC192}.Release|x64.ActiveCfg = Release|Win32
	EndGlobalSection
	GlobalSection(SolutionProperties) = preSolution
		HideSolutionNode = FALSE
	EndGlobalSection
EndGlobal
